
Microsoft Visual Studio Solution File, Format Version 12.00
# Visual Studio Version 17
VisualStudioVersion = 17.11.35312.102
MinimumVisualStudioVersion = 10.0.40219.1
Project("{FAE04EC0-301F-11D3-BF4B-00C04F79EFBC}") = "Osztalyzatok_api", "Osztalyzatok_api\Osztalyzatok_api.csproj", "{D3A0B935-B4FB-44C2-9F98-89249E0F09DD}"
EndProject
Global
	GlobalSection(SolutionConfigurationPlatforms) = preSolution
		Debug|Any CPU = Debug|Any CPU
		Release|Any CPU = Release|Any CPU
	EndGlobalSection
	GlobalSection(ProjectConfigurationPlatforms) = postSolution
		{D3A0B935-B4FB-44C2-9F98-89249E0F09DD}.Debug|Any CPU.ActiveCfg = Debug|Any CPU
		{D3A0B935-B4FB-44C2-9F98-89249E0F09DD}.Debug|Any CPU.Build.0 = Debug|Any CPU
		{D3A0B935-B4FB-44C2-9F98-89249E0F09DD}.Release|Any CPU.ActiveCfg = Release|Any CPU
		{D3A0B935-B4FB-44C2-9F98-89249E0F09DD}.Release|Any CPU.Build.0 = Release|Any CPU
	EndGlobalSection
	GlobalSection(SolutionProperties) = preSolution
		HideSolutionNode = FALSE
	EndGlobalSection
	GlobalSection(ExtensibilityGlobals) = postSolution
		SolutionGuid = {DF1512F7-2BCD-4D8B-B2BD-F73E4A7EE0C0}
	EndGlobalSection
EndGlobal
